// !$*UTF8*$!
{
	archiveVersion = 1;
	classes = {
	};
	objectVersion = 55;
	objects = {

/* Begin PBXBuildFile section */
		61FA0B4E48714ABA163AC2D7 /* Pods_SubjectAndRelay.framework in Frameworks */ = {isa = PBXBuildFile; fileRef = 526A9CA4AEA7825313837542 /* Pods_SubjectAndRelay.framework */; };
		EE32E77A27D32D3900493624 /* AppDelegate.swift in Sources */ = {isa = PBXBuildFile; fileRef = EE32E77927D32D3900493624 /* AppDelegate.swift */; };
		EE32E77C27D32D3900493624 /* SceneDelegate.swift in Sources */ = {isa = PBXBuildFile; fileRef = EE32E77B27D32D3900493624 /* SceneDelegate.swift */; };
		EE32E77E27D32D3900493624 /* ViewController.swift in Sources */ = {isa = PBXBuildFile; fileRef = EE32E77D27D32D3900493624 /* ViewController.swift */; };
		EE32E78127D32D3900493624 /* Main.storyboard in Resources */ = {isa = PBXBuildFile; fileRef = EE32E77F27D32D3900493624 /* Main.storyboard */; };
		EE32E78327D32D3A00493624 /* Assets.xcassets in Resources */ = {isa = PBXBuildFile; fileRef = EE32E78227D32D3A00493624 /* Assets.xcassets */; };
		EE32E78627D32D3A00493624 /* LaunchScreen.storyboard in Resources */ = {isa = PBXBuildFile; fileRef = EE32E78427D32D3A00493624 /* LaunchScreen.storyboard */; };
/* End PBXBuildFile section */

/* Begin PBXFileReference section */
		01E7DFC3E0283703FEBFA01B /* Pods-SubjectAndRelay.release.xcconfig */ = {isa = PBXFileReference; includeInIndex = 1; lastKnownFileType = text.xcconfig; name = "Pods-SubjectAndRelay.release.xcconfig"; path = "Target Support Files/Pods-SubjectAndRelay/Pods-SubjectAndRelay.release.xcconfig"; sourceTree = "<group>"; };
		526A9CA4AEA7825313837542 /* Pods_SubjectAndRelay.framework */ = {isa = PBXFileReference; explicitFileType = wrapper.framework; includeInIndex = 0; path = Pods_SubjectAndRelay.framework; sourceTree = BUILT_PRODUCTS_DIR; };
		6E61994AC52A0BE56B781FCD /* Pods-SubjectAndRelay.debug.xcconfig */ = {isa = PBXFileReference; includeInIndex = 1; lastKnownFileType = text.xcconfig; name = "Pods-SubjectAndRelay.debug.xcconfig"; path = "Target Support Files/Pods-SubjectAndRelay/Pods-SubjectAndRelay.debug.xcconfig"; sourceTree = "<group>"; };
		EE32E77627D32D3900493624 /* SubjectAndRelay.app */ = {isa = PBXFileReference; explicitFileType = wrapper.application; includeInIndex = 0; path = SubjectAndRelay.app; sourceTree = BUILT_PRODUCTS_DIR; };
		EE32E77927D32D3900493624 /* AppDelegate.swift */ = {isa = PBXFileReference; lastKnownFileType = sourcecode.swift; path = AppDelegate.swift; sourceTree = "<group>"; };
		EE32E77B27D32D3900493624 /* SceneDelegate.swift */ = {isa = PBXFileReference; lastKnownFileType = sourcecode.swift; path = SceneDelegate.swift; sourceTree = "<group>"; };
		EE32E77D27D32D3900493624 /* ViewController.swift */ = {isa = PBXFileReference; lastKnownFileType = sourcecode.swift; path = ViewController.swift; sourceTree = "<group>"; };
		EE32E78027D32D3900493624 /* Base */ = {isa = PBXFileReference; lastKnownFileType = file.storyboard; name = Base; path = Base.lproj/Main.storyboard; sourceTree = "<group>"; };
		EE32E78227D32D3A00493624 /* Assets.xcassets */ = {isa = PBXFileReference; lastKnownFileType = folder.assetcatalog; path = Assets.xcassets; sourceTree = "<group>"; };
		EE32E78527D32D3A00493624 /* Base */ = {isa = PBXFileReference; lastKnownFileType = file.storyboard; name = Base; path = Base.lproj/LaunchScreen.storyboard; sourceTree = "<group>"; };
		EE32E78727D32D3A00493624 /* Info.plist */ = {isa = PBXFileReference; lastKnownFileType = text.plist.xml; path = Info.plist; sourceTree = "<group>"; };
		EEDBA71127D335A500E006F0 /* Subject.playground */ = {isa = PBXFileReference; lastKnownFileType = file.playground; path = Subject.playground; sourceTree = "<group>"; xcLanguageSpecificationIdentifier = xcode.lang.swift; };
		EEDBA71227D33F1300E006F0 /* Relay.playground */ = {isa = PBXFileReference; lastKnownFileType = file.playground; path = Relay.playground; sourceTree = "<group>"; xcLanguageSpecificationIdentifier = xcode.lang.swift; };
/* End PBXFileReference section */

/* Begin PBXFrameworksBuildPhase section */
		EE32E77327D32D3900493624 /* Frameworks */ = {
			isa = PBXFrameworksBuildPhase;
			buildActionMask = 2147483647;
			files = (
				61FA0B4E48714ABA163AC2D7 /* Pods_SubjectAndRelay.framework in Frameworks */,
			);
			runOnlyForDeploymentPostprocessing = 0;
		};
/* End PBXFrameworksBuildPhase section */

/* Begin PBXGroup section */
		1520BF92E25609DB7F7D2095 /* Frameworks */ = {
			isa = PBXGroup;
			children = (
				526A9CA4AEA7825313837542 /* Pods_SubjectAndRelay.framework */,
			);
			name = Frameworks;
			sourceTree = "<group>";
		};
		E282C72A14DDE274F9AF4E43 /* Pods */ = {
			isa = PBXGroup;
			children = (
				6E61994AC52A0BE56B781FCD /* Pods-SubjectAndRelay.debug.xcconfig */,
				01E7DFC3E0283703FEBFA01B /* Pods-SubjectAndRelay.release.xcconfig */,
			);
			path = Pods;
			sourceTree = "<group>";
		};
		EE32E76D27D32D3900493624 = {
			isa = PBXGroup;
			children = (
				EE32E77827D32D3900493624 /* SubjectAndRelay */,
				EE32E77727D32D3900493624 /* Products */,
				E282C72A14DDE274F9AF4E43 /* Pods */,
				1520BF92E25609DB7F7D2095 /* Frameworks */,
			);
			sourceTree = "<group>";
		};
		EE32E77727D32D3900493624 /* Products */ = {
			isa = PBXGroup;
			children = (
				EE32E77627D32D3900493624 /* SubjectAndRelay.app */,
			);
			name = Products;
			sourceTree = "<group>";
		};
		EE32E77827D32D3900493624 /* SubjectAndRelay */ = {
			isa = PBXGroup;
			children = (
				EE32E77927D32D3900493624 /* AppDelegate.swift */,
				EE32E77B27D32D3900493624 /* SceneDelegate.swift */,
				EE32E77D27D32D3900493624 /* ViewController.swift */,
				EE32E77F27D32D3900493624 /* Main.storyboard */,
				EE32E78227D32D3A00493624 /* Assets.xcassets */,
				EE32E78427D32D3A00493624 /* LaunchScreen.storyboard */,
				EE32E78727D32D3A00493624 /* Info.plist */,
				EEDBA71127D335A500E006F0 /* Subject.playground */,
				EEDBA71227D33F1300E006F0 /* Relay.playground */,
			);
			path = SubjectAndRelay;
			sourceTree = "<group>";
		};
/* End PBXGroup section */

/* Begin PBXNativeTarget section */
		EE32E77527D32D3900493624 /* SubjectAndRelay */ = {
			isa = PBXNativeTarget;
			buildConfigurationList = EE32E78A27D32D3A00493624 /* Build configuration list for PBXNativeTarget "SubjectAndRelay" */;
			buildPhases = (
				2A6C656647751ADF2E22CAD5 /* [CP] Check Pods Manifest.lock */,
				EE32E77227D32D3900493624 /* Sources */,
				EE32E77327D32D3900493624 /* Frameworks */,
				EE32E77427D32D3900493624 /* Resources */,
				D6371824277F2DEB24E3AEDD /* [CP] Embed Pods Frameworks */,
			);
			buildRules = (
			);
			dependencies = (
			);
			name = SubjectAndRelay;
			productName = SubjectAndRelay;
			productReference = EE32E77627D32D3900493624 /* SubjectAndRelay.app */;
			productType = "com.apple.product-type.application";
		};
/* End PBXNativeTarget section */

/* Begin PBXProject section */
		EE32E76E27D32D3900493624 /* Project object */ = {
			isa = PBXProject;
			attributes = {
				BuildIndependentTargetsInParallel = 1;
				LastSwiftUpdateCheck = 1320;
				LastUpgradeCheck = 1320;
				TargetAttributes = {
					EE32E77527D32D3900493624 = {
						CreatedOnToolsVersion = 13.2.1;
					};
				};
			};
			buildConfigurationList = EE32E77127D32D3900493624 /* Build configuration list for PBXProject "SubjectAndRelay" */;
			compatibilityVersion = "Xcode 13.0";
			developmentRegion = en;
			hasScannedForEncodings = 0;
			knownRegions = (
				en,
				Base,
			);
			mainGroup = EE32E76D27D32D3900493624;
			productRefGroup = EE32E77727D32D3900493624 /* Products */;
			projectDirPath = "";
			projectRoot = "";
			targets = (
				EE32E77527D32D3900493624 /* SubjectAndRelay */,
			);
		};
/* End PBXProject section */

/* Begin PBXResourcesBuildPhase section */
		EE32E77427D32D3900493624 /* Resources */ = {
			isa = PBXResourcesBuildPhase;
			buildActionMask = 2147483647;
			files = (
				EE32E78627D32D3A00493624 /* LaunchScreen.storyboard in Resources */,
				EE32E78327D32D3A00493624 /* Assets.xcassets in Resources */,
				EE32E78127D32D3900493624 /* Main.storyboard in Resources */,
			);
			runOnlyForDeploymentPostprocessing = 0;
		};
/* End PBXResourcesBuildPhase section */

/* Begin PBXShellScriptBuildPhase section */
		2A6C656647751ADF2E22CAD5 /* [CP] Check Pods Manifest.lock */ = {
			isa = PBXShellScriptBuildPhase;
			buildActionMask = 2147483647;
			files = (
			);
			inputFileListPaths = (
			);
			inputPaths = (
				"${PODS_PODFILE_DIR_PATH}/Podfile.lock",
				"${PODS_ROOT}/Manifest.lock",
			);
			name = "[CP] Check Pods Manifest.lock";
			outputFileListPaths = (
			);
			outputPaths = (
				"$(DERIVED_FILE_DIR)/Pods-SubjectAndRelay-checkManifestLockResult.txt",
			);
			runOnlyForDeploymentPostprocessing = 0;
			shellPath = /bin/sh;
			shellScript = "diff \"${PODS_PODFILE_DIR_PATH}/Podfile.lock\" \"${PODS_ROOT}/Manifest.lock\" > /dev/null\nif [ $? != 0 ] ; then\n    # print error to STDERR\n    echo \"error: The sandbox is not in sync with the Podfile.lock. Run 'pod install' or update your CocoaPods installation.\" >&2\n    exit 1\nfi\n# This output is used by Xcode 'outputs' to avoid re-running this script phase.\necho \"SUCCESS\" > \"${SCRIPT_OUTPUT_FILE_0}\"\n";
			showEnvVarsInLog = 0;
		};
		D6371824277F2DEB24E3AEDD /* [CP] Embed Pods Frameworks */ = {
			isa = PBXShellScriptBuildPhase;
			buildActionMask = 2147483647;
			files = (
			);
			inputFileListPaths = (
				"${PODS_ROOT}/Target Support Files/Pods-SubjectAndRelay/Pods-SubjectAndRelay-frameworks-${CONFIGURATION}-input-files.xcfilelist",
			);
			name = "[CP] Embed Pods Frameworks";
			outputFileListPaths = (
				"${PODS_ROOT}/Target Support Files/Pods-SubjectAndRelay/Pods-SubjectAndRelay-frameworks-${CONFIGURATION}-output-files.xcfilelist",
			);
			runOnlyForDeploymentPostprocessing = 0;
			shellPath = /bin/sh;
			shellScript = "\"${PODS_ROOT}/Target Support Files/Pods-SubjectAndRelay/Pods-SubjectAndRelay-frameworks.sh\"\n";
			showEnvVarsInLog = 0;
		};
/* End PBXShellScriptBuildPhase section */

/* Begin PBXSourcesBuildPhase section */
		EE32E77227D32D3900493624 /* Sources */ = {
			isa = PBXSourcesBuildPhase;
			buildActionMask = 2147483647;
			files = (
				EE32E77E27D32D3900493624 /* ViewController.swift in Sources */,
				EE32E77A27D32D3900493624 /* AppDelegate.swift in Sources */,
				EE32E77C27D32D3900493624 /* SceneDelegate.swift in Sources */,
			);
			runOnlyForDeploymentPostprocessing = 0;
		};
/* End PBXSourcesBuildPhase section */

/* Begin PBXVariantGroup section */
		EE32E77F27D32D3900493624 /* Main.storyboard */ = {
			isa = PBXVariantGroup;
			children = (
				EE32E78027D32D3900493624 /* Base */,
			);
			name = Main.storyboard;
			sourceTree = "<group>";
		};
		EE32E78427D32D3A00493624 /* LaunchScreen.storyboard */ = {
			isa = PBXVariantGroup;
			children = (
				EE32E78527D32D3A00493624 /* Base */,
			);
			name = LaunchScreen.storyboard;
			sourceTree = "<group>";
		};
/* End PBXVariantGroup section */

/* Begin XCBuildConfiguration section */
		EE32E78827D32D3A00493624 /* Debug */ = {
			isa = XCBuildConfiguration;
			buildSettings = {
				ALWAYS_SEARCH_USER_PATHS = NO;
				CLANG_ANALYZER_NONNULL = YES;
				CLANG_ANALYZER_NUMBER_OBJECT_CONVERSION = YES_AGGRESSIVE;
				CLANG_CXX_LANGUAGE_STANDARD = "gnu++17";
				CLANG_CXX_LIBRARY = "libc++";
				CLANG_ENABLE_MODULES = YES;
				CLANG_ENABLE_OBJC_ARC = YES;
				CLANG_ENABLE_OBJC_WEAK = YES;
				CLANG_WARN_BLOCK_CAPTURE_AUTORELEASING = YES;
				CLANG_WARN_BOOL_CONVERSION = YES;
				CLANG_WARN_COMMA = YES;
				CLANG_WARN_CONSTANT_CONVERSION = YES;
				CLANG_WARN_DEPRECATED_OBJC_IMPLEMENTATIONS = YES;
				CLANG_WARN_DIRECT_OBJC_ISA_USAGE = YES_ERROR;
				CLANG_WARN_DOCUMENTATION_COMMENTS = YES;
				CLANG_WARN_EMPTY_BODY = YES;
				CLANG_WARN_ENUM_CONVERSION = YES;
				CLANG_WARN_INFINITE_RECURSION = YES;
				CLANG_WARN_INT_CONVERSION = YES;
				CLANG_WARN_NON_LITERAL_NULL_CONVERSION = YES;
				CLANG_WARN_OBJC_IMPLICIT_RETAIN_SELF = YES;
				CLANG_WARN_OBJC_LITERAL_CONVERSION = YES;
				CLANG_WARN_OBJC_ROOT_CLASS = YES_ERROR;
				CLANG_WARN_QUOTED_INCLUDE_IN_FRAMEWORK_HEADER = YES;
				CLANG_WARN_RANGE_LOOP_ANALYSIS = YES;
				CLANG_WARN_STRICT_PROTOTYPES = YES;
				CLANG_WARN_SUSPICIOUS_MOVE = YES;
				CLANG_WARN_UNGUARDED_AVAILABILITY = YES_AGGRESSIVE;
				CLANG_WARN_UNREACHABLE_CODE = YES;
				CLANG_WARN__DUPLICATE_METHOD_MATCH = YES;
				COPY_PHASE_STRIP = NO;
				DEBUG_INFORMATION_FORMAT = dwarf;
				ENABLE_STRICT_OBJC_MSGSEND = YES;
				ENABLE_TESTABILITY = YES;
				GCC_C_LANGUAGE_STANDARD = gnu11;
				GCC_DYNAMIC_NO_PIC = NO;
				GCC_NO_COMMON_BLOCKS = YES;
				GCC_OPTIMIZATION_LEVEL = 0;
				GCC_PREPROCESSOR_DEFINITIONS = (
					"DEBUG=1",
					"$(inherited)",
				);
				GCC_WARN_64_TO_32_BIT_CONVERSION = YES;
				GCC_WARN_ABOUT_RETURN_TYPE = YES_ERROR;
				GCC_WARN_UNDECLARED_SELECTOR = YES;
				GCC_WARN_UNINITIALIZED_AUTOS = YES_AGGRESSIVE;
				GCC_WARN_UNUSED_FUNCTION = YES;
				GCC_WARN_UNUSED_VARIABLE = YES;
				IPHONEOS_DEPLOYMENT_TARGET = 15.2;
				MTL_ENABLE_DEBUG_INFO = INCLUDE_SOURCE;
				MTL_FAST_MATH = YES;
				ONLY_ACTIVE_ARCH = YES;
				SDKROOT = iphoneos;
				SWIFT_ACTIVE_COMPILATION_CONDITIONS = DEBUG;
				SWIFT_OPTIMIZATION_LEVEL = "-Onone";
			};
			name = Debug;
		};
		EE32E78927D32D3A00493624 /* Release */ = {
			isa = XCBuildConfiguration;
			buildSettings = {
				ALWAYS_SEARCH_USER_PATHS = NO;
				CLANG_ANALYZER_NONNULL = YES;
				CLANG_ANALYZER_NUMBER_OBJECT_CONVERSION = YES_AGGRESSIVE;
				CLANG_CXX_LANGUAGE_STANDARD = "gnu++17";
				CLANG_CXX_LIBRARY = "libc++";
				CLANG_ENABLE_MODULES = YES;
				CLANG_ENABLE_OBJC_ARC = YES;
				CLANG_ENABLE_OBJC_WEAK = YES;
				CLANG_WARN_BLOCK_CAPTURE_AUTORELEASING = YES;
				CLANG_WARN_BOOL_CONVERSION = YES;
				CLANG_WARN_COMMA = YES;
				CLANG_WARN_CONSTANT_CONVERSION = YES;
				CLANG_WARN_DEPRECATED_OBJC_IMPLEMENTATIONS = YES;
				CLANG_WARN_DIRECT_OBJC_ISA_USAGE = YES_ERROR;
				CLANG_WARN_DOCUMENTATION_COMMENTS = YES;
				CLANG_WARN_EMPTY_BODY = YES;
				CLANG_WARN_ENUM_CONVERSION = YES;
				CLANG_WARN_INFINITE_RECURSION = YES;
				CLANG_WARN_INT_CONVERSION = YES;
				CLANG_WARN_NON_LITERAL_NULL_CONVERSION = YES;
				CLANG_WARN_OBJC_IMPLICIT_RETAIN_SELF = YES;
				CLANG_WARN_OBJC_LITERAL_CONVERSION = YES;
				CLANG_WARN_OBJC_ROOT_CLASS = YES_ERROR;
				CLANG_WARN_QUOTED_INCLUDE_IN_FRAMEWORK_HEADER = YES;
				CLANG_WARN_RANGE_LOOP_ANALYSIS = YES;
				CLANG_WARN_STRICT_PROTOTYPES = YES;
				CLANG_WARN_SUSPICIOUS_MOVE = YES;
				CLANG_WARN_UNGUARDED_AVAILABILITY = YES_AGGRESSIVE;
				CLANG_WARN_UNREACHABLE_CODE = YES;
				CLANG_WARN__DUPLICATE_METHOD_MATCH = YES;
				COPY_PHASE_STRIP = NO;
				DEBUG_INFORMATION_FORMAT = "dwarf-with-dsym";
				ENABLE_NS_ASSERTIONS = NO;
				ENABLE_STRICT_OBJC_MSGSEND = YES;
				GCC_C_LANGUAGE_STANDARD = gnu11;
				GCC_NO_COMMON_BLOCKS = YES;
				GCC_WARN_64_TO_32_BIT_CONVERSION = YES;
				GCC_WARN_ABOUT_RETURN_TYPE = YES_ERROR;
				GCC_WARN_UNDECLARED_SELECTOR = YES;
				GCC_WARN_UNINITIALIZED_AUTOS = YES_AGGRESSIVE;
				GCC_WARN_UNUSED_FUNCTION = YES;
				GCC_WARN_UNUSED_VARIABLE = YES;
				IPHONEOS_DEPLOYMENT_TARGET = 15.2;
				MTL_ENABLE_DEBUG_INFO = NO;
				MTL_FAST_MATH = YES;
				SDKROOT = iphoneos;
				SWIFT_COMPILATION_MODE = wholemodule;
				SWIFT_OPTIMIZATION_LEVEL = "-O";
				VALIDATE_PRODUCT = YES;
			};
			name = Release;
		};
		EE32E78B27D32D3A00493624 /* Debug */ = {
			isa = XCBuildConfiguration;
			baseConfigurationReference = 6E61994AC52A0BE56B781FCD /* Pods-SubjectAndRelay.debug.xcconfig */;
			buildSettings = {
				ASSETCATALOG_COMPILER_APPICON_NAME = AppIcon;
				ASSETCATALOG_COMPILER_GLOBAL_ACCENT_COLOR_NAME = AccentColor;
				CODE_SIGN_STYLE = Automatic;
				CURRENT_PROJECT_VERSION = 1;
				DEVELOPMENT_TEAM = G5RH9MF273;
				GENERATE_INFOPLIST_FILE = YES;
				INFOPLIST_FILE = SubjectAndRelay/Info.plist;
				INFOPLIST_KEY_UIApplicationSupportsIndirectInputEvents = YES;
				INFOPLIST_KEY_UILaunchStoryboardName = LaunchScreen;
				INFOPLIST_KEY_UIMainStoryboardFile = Main;
				INFOPLIST_KEY_UISupportedInterfaceOrientations_iPad = "UIInterfaceOrientationPortrait UIInterfaceOrientationPortraitUpsideDown UIInterfaceOrientationLandscapeLeft UIInterfaceOrientationLandscapeRight";
				INFOPLIST_KEY_UISupportedInterfaceOrientations_iPhone = "UIInterfaceOrientationPortrait UIInterfaceOrientationLandscapeLeft UIInterfaceOrientationLandscapeRight";
				LD_RUNPATH_SEARCH_PATHS = (
					"$(inherited)",
					"@executable_path/Frameworks",
				);
				MARKETING_VERSION = 1.0;
				PRODUCT_BUNDLE_IDENTIFIER = kr.co.beepeach.SubjectAndRelay;
				PRODUCT_NAME = "$(TARGET_NAME)";
				SWIFT_EMIT_LOC_STRINGS = YES;
				SWIFT_VERSION = 5.0;
				TARGETED_DEVICE_FAMILY = "1,2";
			};
			name = Debug;
		};
		EE32E78C27D32D3A00493624 /* Release */ = {
			isa = XCBuildConfiguration;
			baseConfigurationReference = 01E7DFC3E0283703FEBFA01B /* Pods-SubjectAndRelay.release.xcconfig */;
			buildSettings = {
				ASSETCATALOG_COMPILER_APPICON_NAME = AppIcon;
				ASSETCATALOG_COMPILER_GLOBAL_ACCENT_COLOR_NAME = AccentColor;
				CODE_SIGN_STYLE = Automatic;
				CURRENT_PROJECT_VERSION = 1;
				DEVELOPMENT_TEAM = G5RH9MF273;
				GENERATE_INFOPLIST_FILE = YES;
				INFOPLIST_FILE = SubjectAndRelay/Info.plist;
				INFOPLIST_KEY_UIApplicationSupportsIndirectInputEvents = YES;
				INFOPLIST_KEY_UILaunchStoryboardName = LaunchScreen;
				INFOPLIST_KEY_UIMainStoryboardFile = Main;
				INFOPLIST_KEY_UISupportedInterfaceOrientations_iPad = "UIInterfaceOrientationPortrait UIInterfaceOrientationPortraitUpsideDown UIInterfaceOrientationLandscapeLeft UIInterfaceOrientationLandscapeRight";
				INFOPLIST_KEY_UISupportedInterfaceOrientations_iPhone = "UIInterfaceOrientationPortrait UIInterfaceOrientationLandscapeLeft UIInterfaceOrientationLandscapeRight";
				LD_RUNPATH_SEARCH_PATHS = (
					"$(inherited)",
					"@executable_path/Frameworks",
				);
				MARKETING_VERSION = 1.0;
				PRODUCT_BUNDLE_IDENTIFIER = kr.co.beepeach.SubjectAndRelay;
				PRODUCT_NAME = "$(TARGET_NAME)";
				SWIFT_EMIT_LOC_STRINGS = YES;
				SWIFT_VERSION = 5.0;
				TARGETED_DEVICE_FAMILY = "1,2";
			};
			name = Release;
		};
/* End XCBuildConfiguration section */

/* Begin XCConfigurationList section */
		EE32E77127D32D3900493624 /* Build configuration list for PBXProject "SubjectAndRelay" */ = {
			isa = XCConfigurationList;
			buildConfigurations = (
				EE32E78827D32D3A00493624 /* Debug */,
				EE32E78927D32D3A00493624 /* Release */,
			);
			defaultConfigurationIsVisible = 0;
			defaultConfigurationName = Release;
		};
		EE32E78A27D32D3A00493624 /* Build configuration list for PBXNativeTarget "SubjectAndRelay" */ = {
			isa = XCConfigurationList;
			buildConfigurations = (
				EE32E78B27D32D3A00493624 /* Debug */,
				EE32E78C27D32D3A00493624 /* Release */,
			);
			defaultConfigurationIsVisible = 0;
			defaultConfigurationName = Release;
		};
/* End XCConfigurationList section */
	};
	rootObject = EE32E76E27D32D3900493624 /* Project object */;
}
